
Microsoft Visual Studio Solution File, Format Version 12.00
# Visual Studio Version 16
VisualStudioVersion = 16.0.29911.84
MinimumVisualStudioVersion = 10.0.40219.1
Project("{FAE04EC0-301F-11D3-BF4B-00C04F79EFBC}") = "Kolokwium", "Kolokwium\Kolokwium.csproj", "{A6E65636-88C7-4857-BDC0-2BC88A23580A}"
EndProject
Global
	GlobalSection(SolutionConfigurationPlatforms) = preSolution
		Debug|Any CPU = Debug|Any CPU
		Release|Any CPU = Release|Any CPU
	EndGlobalSection
	GlobalSection(ProjectConfigurationPlatforms) = postSolution
		{A6E65636-88C7-4857-BDC0-2BC88A23580A}.Debug|Any CPU.ActiveCfg = Debug|Any CPU
		{A6E65636-88C7-4857-BDC0-2BC88A23580A}.Debug|Any CPU.Build.0 = Debug|Any CPU
		{A6E65636-88C7-4857-BDC0-2BC88A23580A}.Release|Any CPU.ActiveCfg = Release|Any CPU
		{A6E65636-88C7-4857-BDC0-2BC88A23580A}.Release|Any CPU.Build.0 = Release|Any CPU
	EndGlobalSection
	GlobalSection(SolutionProperties) = preSolution
		HideSolutionNode = FALSE
	EndGlobalSection
	GlobalSection(ExtensibilityGlobals) = postSolution
		SolutionGuid = {A444572C-897F-473D-BAF8-71C5CC770A2D}
	EndGlobalSection
EndGlobal
